
Microsoft Visual Studio Solution File, Format Version 12.00
# Visual Studio Version 17
VisualStudioVersion = 17.5.002.0
MinimumVisualStudioVersion = 10.0.40219.1
Project("{9A19103F-16F7-4668-BE54-9A1E7A4F7556}") = "Básico C#", "Básico C#.csproj", "{A92B90A3-F36D-49CA-A490-1921B1CA8406}"
EndProject
Global
	GlobalSection(SolutionConfigurationPlatforms) = preSolution
		Debug|Any CPU = Debug|Any CPU
		Release|Any CPU = Release|Any CPU
	EndGlobalSection
	GlobalSection(ProjectConfigurationPlatforms) = postSolution
		{A92B90A3-F36D-49CA-A490-1921B1CA8406}.Debug|Any CPU.ActiveCfg = Debug|Any CPU
		{A92B90A3-F36D-49CA-A490-1921B1CA8406}.Debug|Any CPU.Build.0 = Debug|Any CPU
		{A92B90A3-F36D-49CA-A490-1921B1CA8406}.Release|Any CPU.ActiveCfg = Release|Any CPU
		{A92B90A3-F36D-49CA-A490-1921B1CA8406}.Release|Any CPU.Build.0 = Release|Any CPU
	EndGlobalSection
	GlobalSection(SolutionProperties) = preSolution
		HideSolutionNode = FALSE
	EndGlobalSection
	GlobalSection(ExtensibilityGlobals) = postSolution
		SolutionGuid = {88F2D617-8601-4036-8287-D6789D275DB1}
	EndGlobalSection
EndGlobal
